{
  "version": 4,
  "terraform_version": "1.3.0",
  "serial": 17,
  "lineage": "b2670696-664f-31bd-d544-ac302e57e185",
  "outputs": {},
  "resources": [
    {
      "module": "module.dns_updater",
      "mode": "data",
      "type": "dns_a_record_set",
      "name": "google",
      "provider": "provider[\"registry.terraform.io/hashicorp/dns\"]",
      "instances": [
        {
          "schema_version": 0,
          "attributes": {
            "addrs": [
              "172.253.122.100",
              "172.253.122.101",
              "172.253.122.102",
              "172.253.122.113",
              "172.253.122.138",
              "172.253.122.139"
            ],
            "host": "google.com",
            "id": "google.com"
          },
          "sensitive_attributes": []
        }
      ]
    },
    {
      "module": "module.dns_updater",
      "mode": "managed",
      "type": "dns_a_record_set",
      "name": "www",
      "provider": "provider[\"registry.terraform.io/hashicorp/dns\"]",
      "instances": [
        {
          "schema_version": 0,
          "attributes": {
            "addresses": [
              "192.168.0.1",
              "192.168.0.2",
              "192.168.0.3"
            ],
            "id": "www.example.com.",
            "name": "www",
            "ttl": 300,
            "zone": "example.com."
          },
          "sensitive_attributes": [],
          "private": "bnVsbA=="
        }
      ]
    }
  ],
  "check_results": []
}
